Microsoft Visual Studio Solution File, Format Version 12.00
# Visual Studio Version 17
VisualStudioVersion = 17.5.2.0
MinimumVisualStudioVersion = 10.0.40219.1
Project("{2150E333-8FDC-42A3-9474-1A3956D46DE8}") = "src", "src", "{D8E39B3A-60FB-6324-D326-DF008F5EC2EB}"
EndProject
Project("{FAE04EC0-301F-11D3-BF4B-00C04F79EFBC}") = "Zeroc", "src\Zeroc\Zeroc.csproj", "{6335CC0D-5286-5E63-6AD3-07A3A36AD036}"
EndProject
Global
	GlobalSection(SolutionConfigurationPlatforms) = preSolution
		Debug|Any CPU = Debug|Any CPU
		Release|Any CPU = Release|Any CPU
	EndGlobalSection
	GlobalSection(ProjectConfigurationPlatforms) = postSolution
		{6335CC0D-5286-5E63-6AD3-07A3A36AD036}.Debug|Any CPU.ActiveCfg = Debug|Any CPU
		{6335CC0D-5286-5E63-6AD3-07A3A36AD036}.Debug|Any CPU.Build.0 = Debug|Any CPU
		{6335CC0D-5286-5E63-6AD3-07A3A36AD036}.Release|Any CPU.ActiveCfg = Release|Any CPU
		{6335CC0D-5286-5E63-6AD3-07A3A36AD036}.Release|Any CPU.Build.0 = Release|Any CPU
	EndGlobalSection
	GlobalSection(SolutionProperties) = preSolution
		HideSolutionNode = FALSE
	EndGlobalSection
	GlobalSection(NestedProjects) = preSolution
		{6335CC0D-5286-5E63-6AD3-07A3A36AD036} = {D8E39B3A-60FB-6324-D326-DF008F5EC2EB}
	EndGlobalSection
	GlobalSection(ExtensibilityGlobals) = postSolution
		SolutionGuid = {86A2A66B-EF80-4BEE-A891-8C09A2AA9D99}
	EndGlobalSection
EndGlobal
